
Microsoft Visual Studio Solution File, Format Version 12.00
# Visual Studio Version 17
VisualStudioVersion = 17.5.002.0
MinimumVisualStudioVersion = 10.0.40219.1
Project("{9A19103F-16F7-4668-BE54-9A1E7A4F7556}") = "Web", "Web.csproj", "{E5749343-1165-470B-BE0C-B510FAB857F5}"
EndProject
Global
	GlobalSection(SolutionConfigurationPlatforms) = preSolution
		Debug|Any CPU = Debug|Any CPU
		Release|Any CPU = Release|Any CPU
	EndGlobalSection
	GlobalSection(ProjectConfigurationPlatforms) = postSolution
		{E5749343-1165-470B-BE0C-B510FAB857F5}.Debug|Any CPU.ActiveCfg = Debug|Any CPU
		{E5749343-1165-470B-BE0C-B510FAB857F5}.Debug|Any CPU.Build.0 = Debug|Any CPU
		{E5749343-1165-470B-BE0C-B510FAB857F5}.Release|Any CPU.ActiveCfg = Release|Any CPU
		{E5749343-1165-470B-BE0C-B510FAB857F5}.Release|Any CPU.Build.0 = Release|Any CPU
	EndGlobalSection
	GlobalSection(SolutionProperties) = preSolution
		HideSolutionNode = FALSE
	EndGlobalSection
	GlobalSection(ExtensibilityGlobals) = postSolution
		SolutionGuid = {6B4C2775-1BB6-407C-8A68-65A02F16F301}
	EndGlobalSection
EndGlobal
